
Microsoft Visual Studio Solution File, Format Version 11.00
# Visual Studio 2010
Project("{FAE04EC0-301F-11D3-BF4B-00C04F79EFBC}") = "Assembly-CSharp", "Assembly-CSharp.csproj", "{BB276D68-BB08-8C25-73D3-B863B0D35E83}"
EndProject
Global
	GlobalSection(SolutionConfigurationPlatforms) = preSolution
		Debug|Any CPU = Debug|Any CPU
		Release|Any CPU = Release|Any CPU
	EndGlobalSection
	GlobalSection(ProjectConfigurationPlatforms) = postSolution
		{BB276D68-BB08-8C25-73D3-B863B0D35E83}.Debug|Any CPU.ActiveCfg = Debug|Any CPU
		{BB276D68-BB08-8C25-73D3-B863B0D35E83}.Debug|Any CPU.Build.0 = Debug|Any CPU
		{BB276D68-BB08-8C25-73D3-B863B0D35E83}.Release|Any CPU.ActiveCfg = Release|Any CPU
		{BB276D68-BB08-8C25-73D3-B863B0D35E83}.Release|Any CPU.Build.0 = Release|Any CPU
	EndGlobalSection
	GlobalSection(SolutionProperties) = preSolution
		HideSolutionNode = FALSE
	EndGlobalSection
	GlobalSection(MonoDevelopProperties) = preSolution
		StartupItem = Assembly-CSharp.csproj
	EndGlobalSection
EndGlobal
