
Microsoft Visual Studio Solution File, Format Version 12.00
# Visual Studio 15
VisualStudioVersion = 15.0.28307.271
MinimumVisualStudioVersion = 10.0.40219.1
Project("{9A19103F-16F7-4668-BE54-9A1E7A4F7556}") = "AWSLambdaGetRandomMobs", "AWSLambdaGetRandomMobs\AWSLambdaGetRandomMobs.csproj", "{5A44D9C9-E673-42BF-9616-C984D1393608}"
EndProject
Global
	GlobalSection(SolutionConfigurationPlatforms) = preSolution
		Debug|Any CPU = Debug|Any CPU
		Release|Any CPU = Release|Any CPU
	EndGlobalSection
	GlobalSection(ProjectConfigurationPlatforms) = postSolution
		{5A44D9C9-E673-42BF-9616-C984D1393608}.Debug|Any CPU.ActiveCfg = Debug|Any CPU
		{5A44D9C9-E673-42BF-9616-C984D1393608}.Debug|Any CPU.Build.0 = Debug|Any CPU
		{5A44D9C9-E673-42BF-9616-C984D1393608}.Release|Any CPU.ActiveCfg = Release|Any CPU
		{5A44D9C9-E673-42BF-9616-C984D1393608}.Release|Any CPU.Build.0 = Release|Any CPU
	EndGlobalSection
	GlobalSection(SolutionProperties) = preSolution
		HideSolutionNode = FALSE
	EndGlobalSection
	GlobalSection(ExtensibilityGlobals) = postSolution
		SolutionGuid = {4D867BF1-0EBB-4E16-9BAE-2604D45E1706}
	EndGlobalSection
EndGlobal
